
Microsoft Visual Studio Solution File, Format Version 12.00
# Visual Studio Version 16
VisualStudioVersion = 16.0.29613.14
MinimumVisualStudioVersion = 10.0.40219.1
Project("{FAE04EC0-301F-11D3-BF4B-00C04F79EFBC}") = "EmptyWeb", "EmptyWeb\EmptyWeb.csproj", "{CD557990-A039-47E3-B003-EFA779FF894D}"
EndProject
Global
	GlobalSection(SolutionConfigurationPlatforms) = preSolution
		Debug|Any CPU = Debug|Any CPU
		Release|Any CPU = Release|Any CPU
	EndGlobalSection
	GlobalSection(ProjectConfigurationPlatforms) = postSolution
		{CD557990-A039-47E3-B003-EFA779FF894D}.Debug|Any CPU.ActiveCfg = Debug|Any CPU
		{CD557990-A039-47E3-B003-EFA779FF894D}.Debug|Any CPU.Build.0 = Debug|Any CPU
		{CD557990-A039-47E3-B003-EFA779FF894D}.Release|Any CPU.ActiveCfg = Release|Any CPU
		{CD557990-A039-47E3-B003-EFA779FF894D}.Release|Any CPU.Build.0 = Release|Any CPU
	EndGlobalSection
	GlobalSection(SolutionProperties) = preSolution
		HideSolutionNode = FALSE
	EndGlobalSection
	GlobalSection(ExtensibilityGlobals) = postSolution
		SolutionGuid = {3FF0AF29-46EF-4C31-BD8C-7C2A9D6E6D15}
	EndGlobalSection
EndGlobal
